
Microsoft Visual Studio Solution File, Format Version 12.00
# Visual Studio Version 16
VisualStudioVersion = 16.0.28803.452
MinimumVisualStudioVersion = 10.0.40219.1
Project("{9A19103F-16F7-4668-BE54-9A1E7A4F7556}") = "BIDS_Server", "BIDS_Server\BIDS_Server.csproj", "{760504A0-0E72-4E29-ADF1-F0B68BD3B288}"
EndProject
Project("{9A19103F-16F7-4668-BE54-9A1E7A4F7556}") = "BIDSsv", "BIDSsv\BIDSsv.csproj", "{5A7BBF59-7D25-471E-AA59-41C79CE78D22}"
EndProject
Project("{9A19103F-16F7-4668-BE54-9A1E7A4F7556}") = "IBIDSsv", "IBIDSsv\IBIDSsv.csproj", "{92610FAB-B027-44F7-8253-25ADE32BFD90}"
EndProject
Project("{9A19103F-16F7-4668-BE54-9A1E7A4F7556}") = "BIDSsv.serial", "BIDSsv.serial\BIDSsv.serial.csproj", "{D4F23958-EB41-46EE-9E52-B99270505956}"
EndProject
Project("{2150E333-8FDC-42A3-9474-1A3956D46DE8}") = "mods", "mods", "{C1A5FF56-BCE2-4EDE-9373-E46FABE4FB21}"
EndProject
Project("{FAE04EC0-301F-11D3-BF4B-00C04F79EFBC}") = "BIDS.Parser", "BIDS.Parser\BIDS.Parser.csproj", "{28BBA487-6403-4347-B25F-834944E75BC9}"
EndProject
Project("{FAE04EC0-301F-11D3-BF4B-00C04F79EFBC}") = "BIDS.Parser.Tests", "BIDS.Parser.Tests\BIDS.Parser.Tests.csproj", "{3C1FFD26-0008-4167-9804-B92A95298DAA}"
EndProject
Project("{9344BDBB-3E7F-41FC-A0DD-8665D75EE146}") = "BIDSsv.tcpsv", "BIDSsv.tcpsv\BIDSsv.tcpsv.csproj", "{8D91932D-76ED-48F7-A79F-5FCE12986E50}"
EndProject
Project("{9344BDBB-3E7F-41FC-A0DD-8665D75EE146}") = "BIDSsv.tcpcl", "BIDSsv.tcpcl\BIDSsv.tcpcl.csproj", "{7B31CFB1-A0C8-4D41-9CBB-E48491E61B95}"
EndProject
Project("{9344BDBB-3E7F-41FC-A0DD-8665D75EE146}") = "BIDSsv.udp", "BIDSsv.udp\BIDSsv.udp.csproj", "{AD70391E-F575-4A8E-A85C-A161A631B1E5}"
EndProject
Project("{9344BDBB-3E7F-41FC-A0DD-8665D75EE146}") = "BIDSsv.communication", "BIDSsv.communication\BIDSsv.communication.csproj", "{89F0016B-28E1-4EA3-9CD0-CD33ACCAEA18}"
EndProject
Project("{9344BDBB-3E7F-41FC-A0DD-8665D75EE146}") = "BIDSsv.swif", "BIDSsv.swif\BIDSsv.swif.csproj", "{3D50B4AB-3B5E-401B-9F44-FA0B99B6B9D0}"
EndProject
Project("{9344BDBB-3E7F-41FC-A0DD-8665D75EE146}") = "BIDSsv.testmod", "BIDSsv.testmod\BIDSsv.testmod.csproj", "{184F9D00-C4F4-4D19-8E85-0D3ABE88D661}"
EndProject
Project("{9344BDBB-3E7F-41FC-A0DD-8665D75EE146}") = "BIDSsv.blankmod", "BIDSsv.blankmod\BIDSsv.blankmod.csproj", "{9C83D5EE-396C-4BDC-A5B7-4AE3177B2C8D}"
EndProject
Global
	GlobalSection(SolutionConfigurationPlatforms) = preSolution
		Debug|Any CPU = Debug|Any CPU
		Debug|x64 = Debug|x64
		Debug|x86 = Debug|x86
		Release|Any CPU = Release|Any CPU
		Release|x64 = Release|x64
		Release|x86 = Release|x86
	EndGlobalSection
	GlobalSection(ProjectConfigurationPlatforms) = postSolution
		{760504A0-0E72-4E29-ADF1-F0B68BD3B288}.Debug|Any CPU.ActiveCfg = Debug|Any CPU
		{760504A0-0E72-4E29-ADF1-F0B68BD3B288}.Debug|Any CPU.Build.0 = Debug|Any CPU
		{760504A0-0E72-4E29-ADF1-F0B68BD3B288}.Debug|x64.ActiveCfg = Debug|x64
		{760504A0-0E72-4E29-ADF1-F0B68BD3B288}.Debug|x64.Build.0 = Debug|x64
		{760504A0-0E72-4E29-ADF1-F0B68BD3B288}.Debug|x86.ActiveCfg = Debug|x86
		{760504A0-0E72-4E29-ADF1-F0B68BD3B288}.Debug|x86.Build.0 = Debug|x86
		{760504A0-0E72-4E29-ADF1-F0B68BD3B288}.Release|Any CPU.ActiveCfg = Release|Any CPU
		{760504A0-0E72-4E29-ADF1-F0B68BD3B288}.Release|Any CPU.Build.0 = Release|Any CPU
		{760504A0-0E72-4E29-ADF1-F0B68BD3B288}.Release|x64.ActiveCfg = Release|x64
		{760504A0-0E72-4E29-ADF1-F0B68BD3B288}.Release|x64.Build.0 = Release|x64
		{760504A0-0E72-4E29-ADF1-F0B68BD3B288}.Release|x86.ActiveCfg = Release|x86
		{760504A0-0E72-4E29-ADF1-F0B68BD3B288}.Release|x86.Build.0 = Release|x86
		{5A7BBF59-7D25-471E-AA59-41C79CE78D22}.Debug|Any CPU.ActiveCfg = Debug|Any CPU
		{5A7BBF59-7D25-471E-AA59-41C79CE78D22}.Debug|Any CPU.Build.0 = Debug|Any CPU
		{5A7BBF59-7D25-471E-AA59-41C79CE78D22}.Debug|x64.ActiveCfg = Debug|x64
		{5A7BBF59-7D25-471E-AA59-41C79CE78D22}.Debug|x64.Build.0 = Debug|x64
		{5A7BBF59-7D25-471E-AA59-41C79CE78D22}.Debug|x86.ActiveCfg = Debug|x86
		{5A7BBF59-7D25-471E-AA59-41C79CE78D22}.Debug|x86.Build.0 = Debug|x86
		{5A7BBF59-7D25-471E-AA59-41C79CE78D22}.Release|Any CPU.ActiveCfg = Release|Any CPU
		{5A7BBF59-7D25-471E-AA59-41C79CE78D22}.Release|Any CPU.Build.0 = Release|Any CPU
		{5A7BBF59-7D25-471E-AA59-41C79CE78D22}.Release|x64.ActiveCfg = Release|x64
		{5A7BBF59-7D25-471E-AA59-41C79CE78D22}.Release|x64.Build.0 = Release|x64
		{5A7BBF59-7D25-471E-AA59-41C79CE78D22}.Release|x86.ActiveCfg = Release|x86
		{5A7BBF59-7D25-471E-AA59-41C79CE78D22}.Release|x86.Build.0 = Release|x86
		{92610FAB-B027-44F7-8253-25ADE32BFD90}.Debug|Any CPU.ActiveCfg = Debug|Any CPU
		{92610FAB-B027-44F7-8253-25ADE32BFD90}.Debug|Any CPU.Build.0 = Debug|Any CPU
		{92610FAB-B027-44F7-8253-25ADE32BFD90}.Debug|x64.ActiveCfg = Debug|x64
		{92610FAB-B027-44F7-8253-25ADE32BFD90}.Debug|x64.Build.0 = Debug|x64
		{92610FAB-B027-44F7-8253-25ADE32BFD90}.Debug|x86.ActiveCfg = Debug|x86
		{92610FAB-B027-44F7-8253-25ADE32BFD90}.Debug|x86.Build.0 = Debug|x86
		{92610FAB-B027-44F7-8253-25ADE32BFD90}.Release|Any CPU.ActiveCfg = Release|Any CPU
		{92610FAB-B027-44F7-8253-25ADE32BFD90}.Release|Any CPU.Build.0 = Release|Any CPU
		{92610FAB-B027-44F7-8253-25ADE32BFD90}.Release|x64.ActiveCfg = Release|x64
		{92610FAB-B027-44F7-8253-25ADE32BFD90}.Release|x64.Build.0 = Release|x64
		{92610FAB-B027-44F7-8253-25ADE32BFD90}.Release|x86.ActiveCfg = Release|x86
		{92610FAB-B027-44F7-8253-25ADE32BFD90}.Release|x86.Build.0 = Release|x86
		{D4F23958-EB41-46EE-9E52-B99270505956}.Debug|Any CPU.ActiveCfg = Debug|Any CPU
		{D4F23958-EB41-46EE-9E52-B99270505956}.Debug|Any CPU.Build.0 = Debug|Any CPU
		{D4F23958-EB41-46EE-9E52-B99270505956}.Debug|x64.ActiveCfg = Debug|x64
		{D4F23958-EB41-46EE-9E52-B99270505956}.Debug|x64.Build.0 = Debug|x64
		{D4F23958-EB41-46EE-9E52-B99270505956}.Debug|x86.ActiveCfg = Debug|x86
		{D4F23958-EB41-46EE-9E52-B99270505956}.Debug|x86.Build.0 = Debug|x86
		{D4F23958-EB41-46EE-9E52-B99270505956}.Release|Any CPU.ActiveCfg = Release|Any CPU
		{D4F23958-EB41-46EE-9E52-B99270505956}.Release|Any CPU.Build.0 = Release|Any CPU
		{D4F23958-EB41-46EE-9E52-B99270505956}.Release|x64.ActiveCfg = Release|x64
		{D4F23958-EB41-46EE-9E52-B99270505956}.Release|x64.Build.0 = Release|x64
		{D4F23958-EB41-46EE-9E52-B99270505956}.Release|x86.ActiveCfg = Release|x86
		{D4F23958-EB41-46EE-9E52-B99270505956}.Release|x86.Build.0 = Release|x86
		{28BBA487-6403-4347-B25F-834944E75BC9}.Debug|Any CPU.ActiveCfg = Debug|Any CPU
		{28BBA487-6403-4347-B25F-834944E75BC9}.Debug|Any CPU.Build.0 = Debug|Any CPU
		{28BBA487-6403-4347-B25F-834944E75BC9}.Debug|x64.ActiveCfg = Debug|Any CPU
		{28BBA487-6403-4347-B25F-834944E75BC9}.Debug|x64.Build.0 = Debug|Any CPU
		{28BBA487-6403-4347-B25F-834944E75BC9}.Debug|x86.ActiveCfg = Debug|Any CPU
		{28BBA487-6403-4347-B25F-834944E75BC9}.Debug|x86.Build.0 = Debug|Any CPU
		{28BBA487-6403-4347-B25F-834944E75BC9}.Release|Any CPU.ActiveCfg = Release|Any CPU
		{28BBA487-6403-4347-B25F-834944E75BC9}.Release|Any CPU.Build.0 = Release|Any CPU
		{28BBA487-6403-4347-B25F-834944E75BC9}.Release|x64.ActiveCfg = Release|Any CPU
		{28BBA487-6403-4347-B25F-834944E75BC9}.Release|x64.Build.0 = Release|Any CPU
		{28BBA487-6403-4347-B25F-834944E75BC9}.Release|x86.ActiveCfg = Release|Any CPU
		{28BBA487-6403-4347-B25F-834944E75BC9}.Release|x86.Build.0 = Release|Any CPU
		{3C1FFD26-0008-4167-9804-B92A95298DAA}.Debug|Any CPU.ActiveCfg = Debug|Any CPU
		{3C1FFD26-0008-4167-9804-B92A95298DAA}.Debug|Any CPU.Build.0 = Debug|Any CPU
		{3C1FFD26-0008-4167-9804-B92A95298DAA}.Debug|x64.ActiveCfg = Debug|Any CPU
		{3C1FFD26-0008-4167-9804-B92A95298DAA}.Debug|x64.Build.0 = Debug|Any CPU
		{3C1FFD26-0008-4167-9804-B92A95298DAA}.Debug|x86.ActiveCfg = Debug|Any CPU
		{3C1FFD26-0008-4167-9804-B92A95298DAA}.Debug|x86.Build.0 = Debug|Any CPU
		{3C1FFD26-0008-4167-9804-B92A95298DAA}.Release|Any CPU.ActiveCfg = Release|Any CPU
		{3C1FFD26-0008-4167-9804-B92A95298DAA}.Release|Any CPU.Build.0 = Release|Any CPU
		{3C1FFD26-0008-4167-9804-B92A95298DAA}.Release|x64.ActiveCfg = Release|Any CPU
		{3C1FFD26-0008-4167-9804-B92A95298DAA}.Release|x64.Build.0 = Release|Any CPU
		{3C1FFD26-0008-4167-9804-B92A95298DAA}.Release|x86.ActiveCfg = Release|Any CPU
		{3C1FFD26-0008-4167-9804-B92A95298DAA}.Release|x86.Build.0 = Release|Any CPU
		{8D91932D-76ED-48F7-A79F-5FCE12986E50}.Debug|Any CPU.ActiveCfg = Debug|Any CPU
		{8D91932D-76ED-48F7-A79F-5FCE12986E50}.Debug|Any CPU.Build.0 = Debug|Any CPU
		{8D91932D-76ED-48F7-A79F-5FCE12986E50}.Debug|x64.ActiveCfg = Debug|x64
		{8D91932D-76ED-48F7-A79F-5FCE12986E50}.Debug|x64.Build.0 = Debug|x64
		{8D91932D-76ED-48F7-A79F-5FCE12986E50}.Debug|x86.ActiveCfg = Debug|x86
		{8D91932D-76ED-48F7-A79F-5FCE12986E50}.Debug|x86.Build.0 = Debug|x86
		{8D91932D-76ED-48F7-A79F-5FCE12986E50}.Release|Any CPU.ActiveCfg = Release|Any CPU
		{8D91932D-76ED-48F7-A79F-5FCE12986E50}.Release|Any CPU.Build.0 = Release|Any CPU
		{8D91932D-76ED-48F7-A79F-5FCE12986E50}.Release|x64.ActiveCfg = Release|x64
		{8D91932D-76ED-48F7-A79F-5FCE12986E50}.Release|x64.Build.0 = Release|x64
		{8D91932D-76ED-48F7-A79F-5FCE12986E50}.Release|x86.ActiveCfg = Release|x86
		{8D91932D-76ED-48F7-A79F-5FCE12986E50}.Release|x86.Build.0 = Release|x86
		{7B31CFB1-A0C8-4D41-9CBB-E48491E61B95}.Debug|Any CPU.ActiveCfg = Debug|Any CPU
		{7B31CFB1-A0C8-4D41-9CBB-E48491E61B95}.Debug|Any CPU.Build.0 = Debug|Any CPU
		{7B31CFB1-A0C8-4D41-9CBB-E48491E61B95}.Debug|x64.ActiveCfg = Debug|x64
		{7B31CFB1-A0C8-4D41-9CBB-E48491E61B95}.Debug|x64.Build.0 = Debug|x64
		{7B31CFB1-A0C8-4D41-9CBB-E48491E61B95}.Debug|x86.ActiveCfg = Debug|x86
		{7B31CFB1-A0C8-4D41-9CBB-E48491E61B95}.Debug|x86.Build.0 = Debug|x86
		{7B31CFB1-A0C8-4D41-9CBB-E48491E61B95}.Release|Any CPU.ActiveCfg = Release|Any CPU
		{7B31CFB1-A0C8-4D41-9CBB-E48491E61B95}.Release|Any CPU.Build.0 = Release|Any CPU
		{7B31CFB1-A0C8-4D41-9CBB-E48491E61B95}.Release|x64.ActiveCfg = Release|x64
		{7B31CFB1-A0C8-4D41-9CBB-E48491E61B95}.Release|x64.Build.0 = Release|x64
		{7B31CFB1-A0C8-4D41-9CBB-E48491E61B95}.Release|x86.ActiveCfg = Release|x86
		{7B31CFB1-A0C8-4D41-9CBB-E48491E61B95}.Release|x86.Build.0 = Release|x86
		{AD70391E-F575-4A8E-A85C-A161A631B1E5}.Debug|Any CPU.ActiveCfg = Debug|Any CPU
		{AD70391E-F575-4A8E-A85C-A161A631B1E5}.Debug|Any CPU.Build.0 = Debug|Any CPU
		{AD70391E-F575-4A8E-A85C-A161A631B1E5}.Debug|x64.ActiveCfg = Debug|x64
		{AD70391E-F575-4A8E-A85C-A161A631B1E5}.Debug|x64.Build.0 = Debug|x64
		{AD70391E-F575-4A8E-A85C-A161A631B1E5}.Debug|x86.ActiveCfg = Debug|x86
		{AD70391E-F575-4A8E-A85C-A161A631B1E5}.Debug|x86.Build.0 = Debug|x86
		{AD70391E-F575-4A8E-A85C-A161A631B1E5}.Release|Any CPU.ActiveCfg = Release|Any CPU
		{AD70391E-F575-4A8E-A85C-A161A631B1E5}.Release|Any CPU.Build.0 = Release|Any CPU
		{AD70391E-F575-4A8E-A85C-A161A631B1E5}.Release|x64.ActiveCfg = Release|x64
		{AD70391E-F575-4A8E-A85C-A161A631B1E5}.Release|x64.Build.0 = Release|x64
		{AD70391E-F575-4A8E-A85C-A161A631B1E5}.Release|x86.ActiveCfg = Release|x86
		{AD70391E-F575-4A8E-A85C-A161A631B1E5}.Release|x86.Build.0 = Release|x86
		{89F0016B-28E1-4EA3-9CD0-CD33ACCAEA18}.Debug|Any CPU.ActiveCfg = Debug|Any CPU
		{89F0016B-28E1-4EA3-9CD0-CD33ACCAEA18}.Debug|Any CPU.Build.0 = Debug|Any CPU
		{89F0016B-28E1-4EA3-9CD0-CD33ACCAEA18}.Debug|x64.ActiveCfg = Debug|x64
		{89F0016B-28E1-4EA3-9CD0-CD33ACCAEA18}.Debug|x64.Build.0 = Debug|x64
		{89F0016B-28E1-4EA3-9CD0-CD33ACCAEA18}.Debug|x86.ActiveCfg = Debug|x86
		{89F0016B-28E1-4EA3-9CD0-CD33ACCAEA18}.Debug|x86.Build.0 = Debug|x86
		{89F0016B-28E1-4EA3-9CD0-CD33ACCAEA18}.Release|Any CPU.ActiveCfg = Release|Any CPU
		{89F0016B-28E1-4EA3-9CD0-CD33ACCAEA18}.Release|Any CPU.Build.0 = Release|Any CPU
		{89F0016B-28E1-4EA3-9CD0-CD33ACCAEA18}.Release|x64.ActiveCfg = Release|x64
		{89F0016B-28E1-4EA3-9CD0-CD33ACCAEA18}.Release|x64.Build.0 = Release|x64
		{89F0016B-28E1-4EA3-9CD0-CD33ACCAEA18}.Release|x86.ActiveCfg = Release|x86
		{89F0016B-28E1-4EA3-9CD0-CD33ACCAEA18}.Release|x86.Build.0 = Release|x86
		{3D50B4AB-3B5E-401B-9F44-FA0B99B6B9D0}.Debug|Any CPU.ActiveCfg = Debug|Any CPU
		{3D50B4AB-3B5E-401B-9F44-FA0B99B6B9D0}.Debug|Any CPU.Build.0 = Debug|Any CPU
		{3D50B4AB-3B5E-401B-9F44-FA0B99B6B9D0}.Debug|x64.ActiveCfg = Debug|Any CPU
		{3D50B4AB-3B5E-401B-9F44-FA0B99B6B9D0}.Debug|x86.ActiveCfg = Debug|Any CPU
		{3D50B4AB-3B5E-401B-9F44-FA0B99B6B9D0}.Release|Any CPU.ActiveCfg = Release|Any CPU
		{3D50B4AB-3B5E-401B-9F44-FA0B99B6B9D0}.Release|Any CPU.Build.0 = Release|Any CPU
		{3D50B4AB-3B5E-401B-9F44-FA0B99B6B9D0}.Release|x64.ActiveCfg = Release|Any CPU
		{3D50B4AB-3B5E-401B-9F44-FA0B99B6B9D0}.Release|x86.ActiveCfg = Release|Any CPU
		{184F9D00-C4F4-4D19-8E85-0D3ABE88D661}.Debug|Any CPU.ActiveCfg = Debug|Any CPU
		{184F9D00-C4F4-4D19-8E85-0D3ABE88D661}.Debug|Any CPU.Build.0 = Debug|Any CPU
		{184F9D00-C4F4-4D19-8E85-0D3ABE88D661}.Debug|x64.ActiveCfg = Debug|x64
		{184F9D00-C4F4-4D19-8E85-0D3ABE88D661}.Debug|x64.Build.0 = Debug|x64
		{184F9D00-C4F4-4D19-8E85-0D3ABE88D661}.Debug|x86.ActiveCfg = Debug|x86
		{184F9D00-C4F4-4D19-8E85-0D3ABE88D661}.Debug|x86.Build.0 = Debug|x86
		{184F9D00-C4F4-4D19-8E85-0D3ABE88D661}.Release|Any CPU.ActiveCfg = Release|Any CPU
		{184F9D00-C4F4-4D19-8E85-0D3ABE88D661}.Release|Any CPU.Build.0 = Release|Any CPU
		{184F9D00-C4F4-4D19-8E85-0D3ABE88D661}.Release|x64.ActiveCfg = Release|x64
		{184F9D00-C4F4-4D19-8E85-0D3ABE88D661}.Release|x64.Build.0 = Release|x64
		{184F9D00-C4F4-4D19-8E85-0D3ABE88D661}.Release|x86.ActiveCfg = Release|x86
		{184F9D00-C4F4-4D19-8E85-0D3ABE88D661}.Release|x86.Build.0 = Release|x86
		{9C83D5EE-396C-4BDC-A5B7-4AE3177B2C8D}.Debug|Any CPU.ActiveCfg = Debug|Any CPU
		{9C83D5EE-396C-4BDC-A5B7-4AE3177B2C8D}.Debug|Any CPU.Build.0 = Debug|Any CPU
		{9C83D5EE-396C-4BDC-A5B7-4AE3177B2C8D}.Debug|x64.ActiveCfg = Debug|x64
		{9C83D5EE-396C-4BDC-A5B7-4AE3177B2C8D}.Debug|x64.Build.0 = Debug|x64
		{9C83D5EE-396C-4BDC-A5B7-4AE3177B2C8D}.Debug|x86.ActiveCfg = Debug|x86
		{9C83D5EE-396C-4BDC-A5B7-4AE3177B2C8D}.Debug|x86.Build.0 = Debug|x86
		{9C83D5EE-396C-4BDC-A5B7-4AE3177B2C8D}.Release|Any CPU.ActiveCfg = Release|Any CPU
		{9C83D5EE-396C-4BDC-A5B7-4AE3177B2C8D}.Release|Any CPU.Build.0 = Release|Any CPU
		{9C83D5EE-396C-4BDC-A5B7-4AE3177B2C8D}.Release|x64.ActiveCfg = Release|x64
		{9C83D5EE-396C-4BDC-A5B7-4AE3177B2C8D}.Release|x64.Build.0 = Release|x64
		{9C83D5EE-396C-4BDC-A5B7-4AE3177B2C8D}.Release|x86.ActiveCfg = Release|x86
		{9C83D5EE-396C-4BDC-A5B7-4AE3177B2C8D}.Release|x86.Build.0 = Release|x86
	EndGlobalSection
	GlobalSection(SolutionProperties) = preSolution
		HideSolutionNode = FALSE
	EndGlobalSection
	GlobalSection(NestedProjects) = preSolution
		{D4F23958-EB41-46EE-9E52-B99270505956} = {C1A5FF56-BCE2-4EDE-9373-E46FABE4FB21}
		{8D91932D-76ED-48F7-A79F-5FCE12986E50} = {C1A5FF56-BCE2-4EDE-9373-E46FABE4FB21}
		{7B31CFB1-A0C8-4D41-9CBB-E48491E61B95} = {C1A5FF56-BCE2-4EDE-9373-E46FABE4FB21}
		{AD70391E-F575-4A8E-A85C-A161A631B1E5} = {C1A5FF56-BCE2-4EDE-9373-E46FABE4FB21}
		{89F0016B-28E1-4EA3-9CD0-CD33ACCAEA18} = {C1A5FF56-BCE2-4EDE-9373-E46FABE4FB21}
		{3D50B4AB-3B5E-401B-9F44-FA0B99B6B9D0} = {C1A5FF56-BCE2-4EDE-9373-E46FABE4FB21}
		{184F9D00-C4F4-4D19-8E85-0D3ABE88D661} = {C1A5FF56-BCE2-4EDE-9373-E46FABE4FB21}
		{9C83D5EE-396C-4BDC-A5B7-4AE3177B2C8D} = {C1A5FF56-BCE2-4EDE-9373-E46FABE4FB21}
	EndGlobalSection
	GlobalSection(ExtensibilityGlobals) = postSolution
		SolutionGuid = {1CBC5999-EC85-487C-A5CD-64A6FD6BAC03}
	EndGlobalSection
EndGlobal
