
Microsoft Visual Studio Solution File, Format Version 12.00
# Visual Studio Version 16
VisualStudioVersion = 16.0.28803.452
MinimumVisualStudioVersion = 10.0.40219.1
Project("{FAE04EC0-301F-11D3-BF4B-00C04F79EFBC}") = "BIDS_Server", "BIDS_Server\BIDS_Server.csproj", "{760504A0-0E72-4E29-ADF1-F0B68BD3B288}"
EndProject
Project("{9A19103F-16F7-4668-BE54-9A1E7A4F7556}") = "BIDSSMemLib.rw", "..\BIDSSMemLib\BIDSSMemLib.rw\BIDSSMemLib.rw.csproj", "{AE16CC76-B20E-4425-A0C5-FDC24EBACC73}"
EndProject
Project("{9A19103F-16F7-4668-BE54-9A1E7A4F7556}") = "BIDSsv", "BIDSsv\BIDSsv.csproj", "{5A7BBF59-7D25-471E-AA59-41C79CE78D22}"
EndProject
Project("{9A19103F-16F7-4668-BE54-9A1E7A4F7556}") = "BIDSSMemLib.structs", "..\BIDSSMemLib\BIDSSMemLib.structs\BIDSSMemLib.structs.csproj", "{8C8917FF-842B-49B2-A9B5-F59AE12F19D6}"
EndProject
Project("{9A19103F-16F7-4668-BE54-9A1E7A4F7556}") = "BIDSSMemLib.CtrlIOcs", "..\BIDSSMemLib\BIDSSMemLib.CtrlIOcs\BIDSSMemLib.CtrlIOcs.csproj", "{CC54107A-9AAC-4396-912D-7AF81C3571B0}"
EndProject
Project("{9A19103F-16F7-4668-BE54-9A1E7A4F7556}") = "BIDSsv.tcpsv", "BIDSsv.tcpsv\BIDSsv.tcpsv.csproj", "{C6C1536E-B548-4158-AA31-E143E5FD07ED}"
EndProject
Project("{9A19103F-16F7-4668-BE54-9A1E7A4F7556}") = "IBIDSsv", "IBIDSsv\IBIDSsv.csproj", "{92610FAB-B027-44F7-8253-25ADE32BFD90}"
EndProject
Project("{9A19103F-16F7-4668-BE54-9A1E7A4F7556}") = "BIDSsv.tcpcl", "BIDSsv.tcpcl\BIDSsv.tcpcl.csproj", "{8AA66621-2502-4B6C-B0AE-538D00FA96B1}"
EndProject
Project("{9A19103F-16F7-4668-BE54-9A1E7A4F7556}") = "BIDSsv.serial", "BIDSsv.serial\BIDSsv.serial.csproj", "{D4F23958-EB41-46EE-9E52-B99270505956}"
EndProject
Project("{2150E333-8FDC-42A3-9474-1A3956D46DE8}") = "mods", "mods", "{C1A5FF56-BCE2-4EDE-9373-E46FABE4FB21}"
EndProject
Project("{2150E333-8FDC-42A3-9474-1A3956D46DE8}") = "SMemLib", "SMemLib", "{16002138-6045-4330-B8C2-1867A78B814C}"
EndProject
Project("{9A19103F-16F7-4668-BE54-9A1E7A4F7556}") = "BIDSsv.udp", "BIDSsv.udp\BIDSsv.udp.csproj", "{F166B980-6338-4BD2-9CB2-82BFC19646CE}"
EndProject
Project("{9A19103F-16F7-4668-BE54-9A1E7A4F7556}") = "BIDSsv.communication", "BIDSsv.communication\BIDSsv.communication.csproj", "{20A5D1DA-89EC-491E-8E08-54074AE3A29D}"
EndProject
Project("{9A19103F-16F7-4668-BE54-9A1E7A4F7556}") = "BIDSsv.swif", "BIDSsv.swif\BIDSsv.swif.csproj", "{C0D45BD1-9A88-401B-8EFF-7BFF06932D2F}"
EndProject
Project("{9A19103F-16F7-4668-BE54-9A1E7A4F7556}") = "TR.BIDSsvMOD.dgoCtrlUSB", "..\TR.BIDSsvMOD.dgoCtrlUSB\TR.BIDSsvMOD.dgoCtrlUSB\TR.BIDSsvMOD.dgoCtrlUSB.csproj", "{D46584B5-EE81-4BE5-A131-C3FB9F3E5F80}"
EndProject
Global
	GlobalSection(SolutionConfigurationPlatforms) = preSolution
		Debug|Any CPU = Debug|Any CPU
		Debug|x86 = Debug|x86
		Release|Any CPU = Release|Any CPU
		Release|x86 = Release|x86
	EndGlobalSection
	GlobalSection(ProjectConfigurationPlatforms) = postSolution
		{760504A0-0E72-4E29-ADF1-F0B68BD3B288}.Debug|Any CPU.ActiveCfg = Debug|Any CPU
		{760504A0-0E72-4E29-ADF1-F0B68BD3B288}.Debug|Any CPU.Build.0 = Debug|Any CPU
		{760504A0-0E72-4E29-ADF1-F0B68BD3B288}.Debug|x86.ActiveCfg = Debug|Any CPU
		{760504A0-0E72-4E29-ADF1-F0B68BD3B288}.Debug|x86.Build.0 = Debug|Any CPU
		{760504A0-0E72-4E29-ADF1-F0B68BD3B288}.Release|Any CPU.ActiveCfg = Release|Any CPU
		{760504A0-0E72-4E29-ADF1-F0B68BD3B288}.Release|Any CPU.Build.0 = Release|Any CPU
		{760504A0-0E72-4E29-ADF1-F0B68BD3B288}.Release|x86.ActiveCfg = Release|Any CPU
		{760504A0-0E72-4E29-ADF1-F0B68BD3B288}.Release|x86.Build.0 = Release|Any CPU
		{AE16CC76-B20E-4425-A0C5-FDC24EBACC73}.Debug|Any CPU.ActiveCfg = Debug|Any CPU
		{AE16CC76-B20E-4425-A0C5-FDC24EBACC73}.Debug|Any CPU.Build.0 = Debug|Any CPU
		{AE16CC76-B20E-4425-A0C5-FDC24EBACC73}.Debug|x86.ActiveCfg = Debug|Any CPU
		{AE16CC76-B20E-4425-A0C5-FDC24EBACC73}.Debug|x86.Build.0 = Debug|Any CPU
		{AE16CC76-B20E-4425-A0C5-FDC24EBACC73}.Release|Any CPU.ActiveCfg = Release|Any CPU
		{AE16CC76-B20E-4425-A0C5-FDC24EBACC73}.Release|Any CPU.Build.0 = Release|Any CPU
		{AE16CC76-B20E-4425-A0C5-FDC24EBACC73}.Release|x86.ActiveCfg = Release|Any CPU
		{AE16CC76-B20E-4425-A0C5-FDC24EBACC73}.Release|x86.Build.0 = Release|Any CPU
		{5A7BBF59-7D25-471E-AA59-41C79CE78D22}.Debug|Any CPU.ActiveCfg = Debug|Any CPU
		{5A7BBF59-7D25-471E-AA59-41C79CE78D22}.Debug|Any CPU.Build.0 = Debug|Any CPU
		{5A7BBF59-7D25-471E-AA59-41C79CE78D22}.Debug|x86.ActiveCfg = Debug|Any CPU
		{5A7BBF59-7D25-471E-AA59-41C79CE78D22}.Debug|x86.Build.0 = Debug|Any CPU
		{5A7BBF59-7D25-471E-AA59-41C79CE78D22}.Release|Any CPU.ActiveCfg = Release|Any CPU
		{5A7BBF59-7D25-471E-AA59-41C79CE78D22}.Release|Any CPU.Build.0 = Release|Any CPU
		{5A7BBF59-7D25-471E-AA59-41C79CE78D22}.Release|x86.ActiveCfg = Release|Any CPU
		{5A7BBF59-7D25-471E-AA59-41C79CE78D22}.Release|x86.Build.0 = Release|Any CPU
		{8C8917FF-842B-49B2-A9B5-F59AE12F19D6}.Debug|Any CPU.ActiveCfg = Debug|Any CPU
		{8C8917FF-842B-49B2-A9B5-F59AE12F19D6}.Debug|Any CPU.Build.0 = Debug|Any CPU
		{8C8917FF-842B-49B2-A9B5-F59AE12F19D6}.Debug|x86.ActiveCfg = Debug|Any CPU
		{8C8917FF-842B-49B2-A9B5-F59AE12F19D6}.Debug|x86.Build.0 = Debug|Any CPU
		{8C8917FF-842B-49B2-A9B5-F59AE12F19D6}.Release|Any CPU.ActiveCfg = Release|Any CPU
		{8C8917FF-842B-49B2-A9B5-F59AE12F19D6}.Release|Any CPU.Build.0 = Release|Any CPU
		{8C8917FF-842B-49B2-A9B5-F59AE12F19D6}.Release|x86.ActiveCfg = Release|Any CPU
		{8C8917FF-842B-49B2-A9B5-F59AE12F19D6}.Release|x86.Build.0 = Release|Any CPU
		{CC54107A-9AAC-4396-912D-7AF81C3571B0}.Debug|Any CPU.ActiveCfg = Debug|Any CPU
		{CC54107A-9AAC-4396-912D-7AF81C3571B0}.Debug|Any CPU.Build.0 = Debug|Any CPU
		{CC54107A-9AAC-4396-912D-7AF81C3571B0}.Debug|x86.ActiveCfg = Debug|Any CPU
		{CC54107A-9AAC-4396-912D-7AF81C3571B0}.Debug|x86.Build.0 = Debug|Any CPU
		{CC54107A-9AAC-4396-912D-7AF81C3571B0}.Release|Any CPU.ActiveCfg = Release|Any CPU
		{CC54107A-9AAC-4396-912D-7AF81C3571B0}.Release|Any CPU.Build.0 = Release|Any CPU
		{CC54107A-9AAC-4396-912D-7AF81C3571B0}.Release|x86.ActiveCfg = Release|Any CPU
		{CC54107A-9AAC-4396-912D-7AF81C3571B0}.Release|x86.Build.0 = Release|Any CPU
		{C6C1536E-B548-4158-AA31-E143E5FD07ED}.Debug|Any CPU.ActiveCfg = Debug|Any CPU
		{C6C1536E-B548-4158-AA31-E143E5FD07ED}.Debug|Any CPU.Build.0 = Debug|Any CPU
		{C6C1536E-B548-4158-AA31-E143E5FD07ED}.Debug|x86.ActiveCfg = Debug|Any CPU
		{C6C1536E-B548-4158-AA31-E143E5FD07ED}.Debug|x86.Build.0 = Debug|Any CPU
		{C6C1536E-B548-4158-AA31-E143E5FD07ED}.Release|Any CPU.ActiveCfg = Release|Any CPU
		{C6C1536E-B548-4158-AA31-E143E5FD07ED}.Release|Any CPU.Build.0 = Release|Any CPU
		{C6C1536E-B548-4158-AA31-E143E5FD07ED}.Release|x86.ActiveCfg = Release|Any CPU
		{C6C1536E-B548-4158-AA31-E143E5FD07ED}.Release|x86.Build.0 = Release|Any CPU
		{92610FAB-B027-44F7-8253-25ADE32BFD90}.Debug|Any CPU.ActiveCfg = Debug|Any CPU
		{92610FAB-B027-44F7-8253-25ADE32BFD90}.Debug|Any CPU.Build.0 = Debug|Any CPU
		{92610FAB-B027-44F7-8253-25ADE32BFD90}.Debug|x86.ActiveCfg = Debug|Any CPU
		{92610FAB-B027-44F7-8253-25ADE32BFD90}.Debug|x86.Build.0 = Debug|Any CPU
		{92610FAB-B027-44F7-8253-25ADE32BFD90}.Release|Any CPU.ActiveCfg = Release|Any CPU
		{92610FAB-B027-44F7-8253-25ADE32BFD90}.Release|Any CPU.Build.0 = Release|Any CPU
		{92610FAB-B027-44F7-8253-25ADE32BFD90}.Release|x86.ActiveCfg = Release|Any CPU
		{92610FAB-B027-44F7-8253-25ADE32BFD90}.Release|x86.Build.0 = Release|Any CPU
		{8AA66621-2502-4B6C-B0AE-538D00FA96B1}.Debug|Any CPU.ActiveCfg = Debug|Any CPU
		{8AA66621-2502-4B6C-B0AE-538D00FA96B1}.Debug|Any CPU.Build.0 = Debug|Any CPU
		{8AA66621-2502-4B6C-B0AE-538D00FA96B1}.Debug|x86.ActiveCfg = Debug|Any CPU
		{8AA66621-2502-4B6C-B0AE-538D00FA96B1}.Debug|x86.Build.0 = Debug|Any CPU
		{8AA66621-2502-4B6C-B0AE-538D00FA96B1}.Release|Any CPU.ActiveCfg = Release|Any CPU
		{8AA66621-2502-4B6C-B0AE-538D00FA96B1}.Release|Any CPU.Build.0 = Release|Any CPU
		{8AA66621-2502-4B6C-B0AE-538D00FA96B1}.Release|x86.ActiveCfg = Release|Any CPU
		{8AA66621-2502-4B6C-B0AE-538D00FA96B1}.Release|x86.Build.0 = Release|Any CPU
		{D4F23958-EB41-46EE-9E52-B99270505956}.Debug|Any CPU.ActiveCfg = Debug|Any CPU
		{D4F23958-EB41-46EE-9E52-B99270505956}.Debug|Any CPU.Build.0 = Debug|Any CPU
		{D4F23958-EB41-46EE-9E52-B99270505956}.Debug|x86.ActiveCfg = Debug|Any CPU
		{D4F23958-EB41-46EE-9E52-B99270505956}.Debug|x86.Build.0 = Debug|Any CPU
		{D4F23958-EB41-46EE-9E52-B99270505956}.Release|Any CPU.ActiveCfg = Release|Any CPU
		{D4F23958-EB41-46EE-9E52-B99270505956}.Release|Any CPU.Build.0 = Release|Any CPU
		{D4F23958-EB41-46EE-9E52-B99270505956}.Release|x86.ActiveCfg = Release|Any CPU
		{D4F23958-EB41-46EE-9E52-B99270505956}.Release|x86.Build.0 = Release|Any CPU
		{F166B980-6338-4BD2-9CB2-82BFC19646CE}.Debug|Any CPU.ActiveCfg = Debug|Any CPU
		{F166B980-6338-4BD2-9CB2-82BFC19646CE}.Debug|Any CPU.Build.0 = Debug|Any CPU
		{F166B980-6338-4BD2-9CB2-82BFC19646CE}.Debug|x86.ActiveCfg = Debug|Any CPU
		{F166B980-6338-4BD2-9CB2-82BFC19646CE}.Debug|x86.Build.0 = Debug|Any CPU
		{F166B980-6338-4BD2-9CB2-82BFC19646CE}.Release|Any CPU.ActiveCfg = Release|Any CPU
		{F166B980-6338-4BD2-9CB2-82BFC19646CE}.Release|Any CPU.Build.0 = Release|Any CPU
		{F166B980-6338-4BD2-9CB2-82BFC19646CE}.Release|x86.ActiveCfg = Release|Any CPU
		{F166B980-6338-4BD2-9CB2-82BFC19646CE}.Release|x86.Build.0 = Release|Any CPU
		{20A5D1DA-89EC-491E-8E08-54074AE3A29D}.Debug|Any CPU.ActiveCfg = Debug|Any CPU
		{20A5D1DA-89EC-491E-8E08-54074AE3A29D}.Debug|Any CPU.Build.0 = Debug|Any CPU
		{20A5D1DA-89EC-491E-8E08-54074AE3A29D}.Debug|x86.ActiveCfg = Debug|Any CPU
		{20A5D1DA-89EC-491E-8E08-54074AE3A29D}.Debug|x86.Build.0 = Debug|Any CPU
		{20A5D1DA-89EC-491E-8E08-54074AE3A29D}.Release|Any CPU.ActiveCfg = Release|Any CPU
		{20A5D1DA-89EC-491E-8E08-54074AE3A29D}.Release|Any CPU.Build.0 = Release|Any CPU
		{20A5D1DA-89EC-491E-8E08-54074AE3A29D}.Release|x86.ActiveCfg = Release|Any CPU
		{20A5D1DA-89EC-491E-8E08-54074AE3A29D}.Release|x86.Build.0 = Release|Any CPU
		{C0D45BD1-9A88-401B-8EFF-7BFF06932D2F}.Debug|Any CPU.ActiveCfg = Debug|Any CPU
		{C0D45BD1-9A88-401B-8EFF-7BFF06932D2F}.Debug|Any CPU.Build.0 = Debug|Any CPU
		{C0D45BD1-9A88-401B-8EFF-7BFF06932D2F}.Debug|x86.ActiveCfg = Debug|Any CPU
		{C0D45BD1-9A88-401B-8EFF-7BFF06932D2F}.Debug|x86.Build.0 = Debug|Any CPU
		{C0D45BD1-9A88-401B-8EFF-7BFF06932D2F}.Release|Any CPU.ActiveCfg = Release|Any CPU
		{C0D45BD1-9A88-401B-8EFF-7BFF06932D2F}.Release|Any CPU.Build.0 = Release|Any CPU
		{C0D45BD1-9A88-401B-8EFF-7BFF06932D2F}.Release|x86.ActiveCfg = Release|Any CPU
		{C0D45BD1-9A88-401B-8EFF-7BFF06932D2F}.Release|x86.Build.0 = Release|Any CPU
		{D46584B5-EE81-4BE5-A131-C3FB9F3E5F80}.Debug|Any CPU.ActiveCfg = Debug|Any CPU
		{D46584B5-EE81-4BE5-A131-C3FB9F3E5F80}.Debug|Any CPU.Build.0 = Debug|Any CPU
		{D46584B5-EE81-4BE5-A131-C3FB9F3E5F80}.Debug|x86.ActiveCfg = Debug|Any CPU
		{D46584B5-EE81-4BE5-A131-C3FB9F3E5F80}.Debug|x86.Build.0 = Debug|Any CPU
		{D46584B5-EE81-4BE5-A131-C3FB9F3E5F80}.Release|Any CPU.ActiveCfg = Release|Any CPU
		{D46584B5-EE81-4BE5-A131-C3FB9F3E5F80}.Release|Any CPU.Build.0 = Release|Any CPU
		{D46584B5-EE81-4BE5-A131-C3FB9F3E5F80}.Release|x86.ActiveCfg = Release|Any CPU
		{D46584B5-EE81-4BE5-A131-C3FB9F3E5F80}.Release|x86.Build.0 = Release|Any CPU
	EndGlobalSection
	GlobalSection(SolutionProperties) = preSolution
		HideSolutionNode = FALSE
	EndGlobalSection
	GlobalSection(NestedProjects) = preSolution
		{AE16CC76-B20E-4425-A0C5-FDC24EBACC73} = {16002138-6045-4330-B8C2-1867A78B814C}
		{8C8917FF-842B-49B2-A9B5-F59AE12F19D6} = {16002138-6045-4330-B8C2-1867A78B814C}
		{CC54107A-9AAC-4396-912D-7AF81C3571B0} = {16002138-6045-4330-B8C2-1867A78B814C}
		{C6C1536E-B548-4158-AA31-E143E5FD07ED} = {C1A5FF56-BCE2-4EDE-9373-E46FABE4FB21}
		{8AA66621-2502-4B6C-B0AE-538D00FA96B1} = {C1A5FF56-BCE2-4EDE-9373-E46FABE4FB21}
		{D4F23958-EB41-46EE-9E52-B99270505956} = {C1A5FF56-BCE2-4EDE-9373-E46FABE4FB21}
		{F166B980-6338-4BD2-9CB2-82BFC19646CE} = {C1A5FF56-BCE2-4EDE-9373-E46FABE4FB21}
		{20A5D1DA-89EC-491E-8E08-54074AE3A29D} = {C1A5FF56-BCE2-4EDE-9373-E46FABE4FB21}
		{C0D45BD1-9A88-401B-8EFF-7BFF06932D2F} = {C1A5FF56-BCE2-4EDE-9373-E46FABE4FB21}
		{D46584B5-EE81-4BE5-A131-C3FB9F3E5F80} = {C1A5FF56-BCE2-4EDE-9373-E46FABE4FB21}
	EndGlobalSection
	GlobalSection(ExtensibilityGlobals) = postSolution
		SolutionGuid = {1CBC5999-EC85-487C-A5CD-64A6FD6BAC03}
	EndGlobalSection
EndGlobal
